
Microsoft Visual Studio Solution File, Format Version 12.00
# Visual Studio Version 17
VisualStudioVersion = 17.1.32328.378
MinimumVisualStudioVersion = 10.0.40219.1
Project("{FAE04EC0-301F-11D3-BF4B-00C04F79EFBC}") = "WinFormDataGridView_test", "WinFormDataGridView_test\WinFormDataGridView_test.csproj", "{8A308FA1-E5EC-4013-9C8D-6E57909A27A2}"
EndProject
Global
	GlobalSection(SolutionConfigurationPlatforms) = preSolution
		Debug|Any CPU = Debug|Any CPU
		Release|Any CPU = Release|Any CPU
	EndGlobalSection
	GlobalSection(ProjectConfigurationPlatforms) = postSolution
		{8A308FA1-E5EC-4013-9C8D-6E57909A27A2}.Debug|Any CPU.ActiveCfg = Debug|Any CPU
		{8A308FA1-E5EC-4013-9C8D-6E57909A27A2}.Debug|Any CPU.Build.0 = Debug|Any CPU
		{8A308FA1-E5EC-4013-9C8D-6E57909A27A2}.Release|Any CPU.ActiveCfg = Release|Any CPU
		{8A308FA1-E5EC-4013-9C8D-6E57909A27A2}.Release|Any CPU.Build.0 = Release|Any CPU
	EndGlobalSection
	GlobalSection(SolutionProperties) = preSolution
		HideSolutionNode = FALSE
	EndGlobalSection
	GlobalSection(ExtensibilityGlobals) = postSolution
		SolutionGuid = {441FFE27-B5A0-47FE-A025-CE350580AA6F}
	EndGlobalSection
EndGlobal
